// !$*UTF8*$!
{
	archiveVersion = 1;
	classes = {
	};
	objectVersion = 46;
	objects = {

/* Begin PBXBuildFile section */
		0F0DEF04160BF29D0083A979 /* UIKit.framework in Frameworks */ = {isa = PBXBuildFile; fileRef = 0F0DEF03160BF29D0083A979 /* UIKit.framework */; };
		0F0DEF06160BF29D0083A979 /* Foundation.framework in Frameworks */ = {isa = PBXBuildFile; fileRef = 0F0DEF05160BF29D0083A979 /* Foundation.framework */; };
		0F0DEF08160BF29D0083A979 /* CoreGraphics.framework in Frameworks */ = {isa = PBXBuildFile; fileRef = 0F0DEF07160BF29D0083A979 /* CoreGraphics.framework */; };
		0F0DEF0E160BF29D0083A979 /* InfoPlist.strings in Resources */ = {isa = PBXBuildFile; fileRef = 0F0DEF0C160BF29D0083A979 /* InfoPlist.strings */; };
		0F0DEF17160BF29E0083A979 /* MainStoryboard.storyboard in Resources */ = {isa = PBXBuildFile; fileRef = 0F0DEF15160BF29E0083A979 /* MainStoryboard.storyboard */; };
		0F0DEF22160BF29E0083A979 /* SenTestingKit.framework in Frameworks */ = {isa = PBXBuildFile; fileRef = 0F0DEF21160BF29E0083A979 /* SenTestingKit.framework */; };
		0F0DEF23160BF29E0083A979 /* UIKit.framework in Frameworks */ = {isa = PBXBuildFile; fileRef = 0F0DEF03160BF29D0083A979 /* UIKit.framework */; };
		0F0DEF24160BF29E0083A979 /* Foundation.framework in Frameworks */ = {isa = PBXBuildFile; fileRef = 0F0DEF05160BF29D0083A979 /* Foundation.framework */; };
		0F0DEF2C160BF29E0083A979 /* InfoPlist.strings in Resources */ = {isa = PBXBuildFile; fileRef = 0F0DEF2A160BF29E0083A979 /* InfoPlist.strings */; };
		0F0DEF2F160BF29E0083A979 /* reactive_cocoa_playgroundTests.m in Sources */ = {isa = PBXBuildFile; fileRef = 0F0DEF2E160BF29E0083A979 /* reactive_cocoa_playgroundTests.m */; };
		0F0DEF50160BF3550083A979 /* AppDelegate.m in Sources */ = {isa = PBXBuildFile; fileRef = 0F0DEF4E160BF3550083A979 /* AppDelegate.m */; };
		0F0DEF53160BF36F0083A979 /* main.m in Sources */ = {isa = PBXBuildFile; fileRef = 0F0DEF52160BF36F0083A979 /* main.m */; };
		0F6E9604164EF14C005CEADF /* QuartzCore.framework in Frameworks */ = {isa = PBXBuildFile; fileRef = 0F6E9603164EF14C005CEADF /* QuartzCore.framework */; };
		0F6E988A1650A68D005CEADF /* RCLocationManager.m in Sources */ = {isa = PBXBuildFile; fileRef = 0F6E98891650A68D005CEADF /* RCLocationManager.m */; };
		0F6E988C1650A6C0005CEADF /* CoreLocation.framework in Frameworks */ = {isa = PBXBuildFile; fileRef = 0F6E988B1650A6C0005CEADF /* CoreLocation.framework */; };
		14CA4659FA08449685AFEAAC /* libPods.a in Frameworks */ = {isa = PBXBuildFile; fileRef = 5B5B2EDB5A1943AF8E57D041 /* libPods.a */; };
		9339CE3F16A788DB0088238D /* MainViewController.m in Sources */ = {isa = PBXBuildFile; fileRef = 9339CE3E16A788DB0088238D /* MainViewController.m */; };
		9339CE4616A78B8E0088238D /* CreatingObservablesStoryboard.storyboard in Resources */ = {isa = PBXBuildFile; fileRef = 9339CE4516A78B8E0088238D /* CreatingObservablesStoryboard.storyboard */; };
		9339CE4916A78C390088238D /* CreatingObservablesViewController.m in Sources */ = {isa = PBXBuildFile; fileRef = 9339CE4816A78C390088238D /* CreatingObservablesViewController.m */; };
		9339CE4C16A78DD90088238D /* WikipediaSearchViewController.m in Sources */ = {isa = PBXBuildFile; fileRef = 9339CE4B16A78DD90088238D /* WikipediaSearchViewController.m */; };
		9339CE4F16A796480088238D /* RxOperatorsStoryboard.storyboard in Resources */ = {isa = PBXBuildFile; fileRef = 9339CE4E16A796480088238D /* RxOperatorsStoryboard.storyboard */; };
		9339CE5216A796890088238D /* RxOperatorsViewController.m in Sources */ = {isa = PBXBuildFile; fileRef = 9339CE5116A796890088238D /* RxOperatorsViewController.m */; };
		9339CE5516A797EB0088238D /* EventsStoryboard.storyboard in Resources */ = {isa = PBXBuildFile; fileRef = 9339CE5416A797EB0088238D /* EventsStoryboard.storyboard */; };
		9339CE5816A798000088238D /* EventsViewController.m in Sources */ = {isa = PBXBuildFile; fileRef = 9339CE5716A798000088238D /* EventsViewController.m */; };
		9339CE5B16A798F60088238D /* SchedulersStoryboard.storyboard in Resources */ = {isa = PBXBuildFile; fileRef = 9339CE5A16A798F60088238D /* SchedulersStoryboard.storyboard */; };
		9339CE6016A7995B0088238D /* BackgroundSchedulerViewController.m in Sources */ = {isa = PBXBuildFile; fileRef = 9339CE5D16A7995B0088238D /* BackgroundSchedulerViewController.m */; };
		9339CE6116A7995B0088238D /* SchedulerBackgroundViewController.m in Sources */ = {isa = PBXBuildFile; fileRef = 9339CE5F16A7995B0088238D /* SchedulerBackgroundViewController.m */; };
		9339CE6416A79A5F0088238D /* AFNetworkingStoryboard.storyboard in Resources */ = {isa = PBXBuildFile; fileRef = 9339CE6316A79A5F0088238D /* AFNetworkingStoryboard.storyboard */; };
		9339CE6916A79ACF0088238D /* AFNetworkingViewController.m in Sources */ = {isa = PBXBuildFile; fileRef = 9339CE6616A79ACF0088238D /* AFNetworkingViewController.m */; };
		9339CE6A16A79ACF0088238D /* Api.m in Sources */ = {isa = PBXBuildFile; fileRef = 9339CE6816A79ACF0088238D /* Api.m */; };
		93F4D30416A8C6FF0006A507 /* LoginSampleStoryboard.storyboard in Resources */ = {isa = PBXBuildFile; fileRef = 93F4D30316A8C6FF0006A507 /* LoginSampleStoryboard.storyboard */; };
		93F4D30716A8C75A0006A507 /* LoginSampleViewController.m in Sources */ = {isa = PBXBuildFile; fileRef = 93F4D30616A8C75A0006A507 /* LoginSampleViewController.m */; };
		93F4D31416A8C84B0006A507 /* TwitterSearchTableViewCell.m in Sources */ = {isa = PBXBuildFile; fileRef = 93F4D31116A8C84B0006A507 /* TwitterSearchTableViewCell.m */; };
		93F4D31516A8C84B0006A507 /* TwitterSearchViewController.m in Sources */ = {isa = PBXBuildFile; fileRef = 93F4D31316A8C84B0006A507 /* TwitterSearchViewController.m */; };
		93F4D31716A8C8610006A507 /* TwitterSearchStoryboard.storyboard in Resources */ = {isa = PBXBuildFile; fileRef = 93F4D31616A8C8610006A507 /* TwitterSearchStoryboard.storyboard */; };
		93F4D31A16A8CA730006A507 /* LocationManagerStoryboard.storyboard in Resources */ = {isa = PBXBuildFile; fileRef = 93F4D31916A8CA730006A507 /* LocationManagerStoryboard.storyboard */; };
		93F4D31D16A8CAD00006A507 /* LocationManagerViewController.m in Sources */ = {isa = PBXBuildFile; fileRef = 93F4D31C16A8CAD00006A507 /* LocationManagerViewController.m */; };
		93F4D34916A912020006A507 /* TwitterInstantSearchStoryboard.storyboard in Resources */ = {isa = PBXBuildFile; fileRef = 93F4D34816A912020006A507 /* TwitterInstantSearchStoryboard.storyboard */; };
		93F4D34C16A912280006A507 /* TwitterInstantSearchViewController.m in Sources */ = {isa = PBXBuildFile; fileRef = 93F4D34B16A912280006A507 /* TwitterInstantSearchViewController.m */; };
		93F4D35016A918970006A507 /* TwitterInstantSearchModel.m in Sources */ = {isa = PBXBuildFile; fileRef = 93F4D34F16A918970006A507 /* TwitterInstantSearchModel.m */; };
/* End PBXBuildFile section */

/* Begin PBXContainerItemProxy section */
		0F0DEF25160BF29E0083A979 /* PBXContainerItemProxy */ = {
			isa = PBXContainerItemProxy;
			containerPortal = 0F0DEEF6160BF29D0083A979 /* Project object */;
			proxyType = 1;
			remoteGlobalIDString = 0F0DEEFE160BF29D0083A979;
			remoteInfo = "reactive-cocoa-playground";
		};
		0F6E9592164ED4E3005CEADF /* PBXContainerItemProxy */ = {
			isa = PBXContainerItemProxy;
			containerPortal = 0F6E9581164ED4E3005CEADF /* ReactiveCocoa.xcodeproj */;
			proxyType = 2;
			remoteGlobalIDString = 88037F8315056328001A5B19;
			remoteInfo = ReactiveCocoa;
		};
		0F6E9594164ED4E3005CEADF /* PBXContainerItemProxy */ = {
			isa = PBXContainerItemProxy;
			containerPortal = 0F6E9581164ED4E3005CEADF /* ReactiveCocoa.xcodeproj */;
			proxyType = 2;
			remoteGlobalIDString = 88F440AB153DAC820097B4C3;
			remoteInfo = "ReactiveCocoa-iOS";
		};
		0F6E9596164ED4E3005CEADF /* PBXContainerItemProxy */ = {
			isa = PBXContainerItemProxy;
			containerPortal = 0F6E9581164ED4E3005CEADF /* ReactiveCocoa.xcodeproj */;
			proxyType = 2;
			remoteGlobalIDString = 88CDF7DC15000FCF00163A9F;
			remoteInfo = ReactiveCocoaTests;
		};
/* End PBXContainerItemProxy section */

/* Begin PBXFileReference section */
		01899E5251794EAEA70B6F22 /* Pods.xcconfig */ = {isa = PBXFileReference; includeInIndex = 1; lastKnownFileType = text.xcconfig; name = Pods.xcconfig; path = Pods/Pods.xcconfig; sourceTree = SOURCE_ROOT; };
		0F0DEEFF160BF29D0083A979 /* reactive-cocoa-playground.app */ = {isa = PBXFileReference; explicitFileType = wrapper.application; includeInIndex = 0; path = "reactive-cocoa-playground.app"; sourceTree = BUILT_PRODUCTS_DIR; };
		0F0DEF03160BF29D0083A979 /* UIKit.framework */ = {isa = PBXFileReference; includeInIndex = 1; lastKnownFileType = wrapper.framework; name = UIKit.framework; path = System/Library/Frameworks/UIKit.framework; sourceTree = SDKROOT; };
		0F0DEF05160BF29D0083A979 /* Foundation.framework */ = {isa = PBXFileReference; includeInIndex = 1; lastKnownFileType = wrapper.framework; name = Foundation.framework; path = System/Library/Frameworks/Foundation.framework; sourceTree = SDKROOT; };
		0F0DEF07160BF29D0083A979 /* CoreGraphics.framework */ = {isa = PBXFileReference; includeInIndex = 1; lastKnownFileType = wrapper.framework; name = CoreGraphics.framework; path = System/Library/Frameworks/CoreGraphics.framework; sourceTree = SDKROOT; };
		0F0DEF0B160BF29D0083A979 /* reactive-cocoa-playground-Info.plist */ = {isa = PBXFileReference; lastKnownFileType = text.plist.xml; path = "reactive-cocoa-playground-Info.plist"; sourceTree = "<group>"; };
		0F0DEF0D160BF29D0083A979 /* en */ = {isa = PBXFileReference; lastKnownFileType = text.plist.strings; name = en; path = en.lproj/InfoPlist.strings; sourceTree = "<group>"; };
		0F0DEF11160BF29E0083A979 /* reactive-cocoa-playground-Prefix.pch */ = {isa = PBXFileReference; lastKnownFileType = sourcecode.c.h; path = "reactive-cocoa-playground-Prefix.pch"; sourceTree = "<group>"; };
		0F0DEF16160BF29E0083A979 /* en */ = {isa = PBXFileReference; lastKnownFileType = file.storyboard; name = en; path = en.lproj/MainStoryboard.storyboard; sourceTree = "<group>"; };
		0F0DEF20160BF29E0083A979 /* reactive-cocoa-playgroundTests.octest */ = {isa = PBXFileReference; explicitFileType = wrapper.cfbundle; includeInIndex = 0; path = "reactive-cocoa-playgroundTests.octest"; sourceTree = BUILT_PRODUCTS_DIR; };
		0F0DEF21160BF29E0083A979 /* SenTestingKit.framework */ = {isa = PBXFileReference; lastKnownFileType = wrapper.framework; name = SenTestingKit.framework; path = Library/Frameworks/SenTestingKit.framework; sourceTree = DEVELOPER_DIR; };
		0F0DEF29160BF29E0083A979 /* reactive-cocoa-playgroundTests-Info.plist */ = {isa = PBXFileReference; lastKnownFileType = text.plist.xml; path = "reactive-cocoa-playgroundTests-Info.plist"; sourceTree = "<group>"; };
		0F0DEF2B160BF29E0083A979 /* en */ = {isa = PBXFileReference; lastKnownFileType = text.plist.strings; name = en; path = en.lproj/InfoPlist.strings; sourceTree = "<group>"; };
		0F0DEF2D160BF29E0083A979 /* reactive_cocoa_playgroundTests.h */ = {isa = PBXFileReference; lastKnownFileType = sourcecode.c.h; path = reactive_cocoa_playgroundTests.h; sourceTree = "<group>"; };
		0F0DEF2E160BF29E0083A979 /* reactive_cocoa_playgroundTests.m */ = {isa = PBXFileReference; lastKnownFileType = sourcecode.c.objc; path = reactive_cocoa_playgroundTests.m; sourceTree = "<group>"; };
		0F0DEF4D160BF3550083A979 /* AppDelegate.h */ = {isa = PBXFileReference; fileEncoding = 4; lastKnownFileType = sourcecode.c.h; path = AppDelegate.h; sourceTree = "<group>"; };
		0F0DEF4E160BF3550083A979 /* AppDelegate.m */ = {isa = PBXFileReference; fileEncoding = 4; lastKnownFileType = sourcecode.c.objc; path = AppDelegate.m; sourceTree = "<group>"; };
		0F0DEF52160BF36F0083A979 /* main.m */ = {isa = PBXFileReference; fileEncoding = 4; lastKnownFileType = sourcecode.c.objc; path = main.m; sourceTree = "<group>"; };
		0F6E9581164ED4E3005CEADF /* ReactiveCocoa.xcodeproj */ = {isa = PBXFileReference; lastKnownFileType = "wrapper.pb-project"; name = ReactiveCocoa.xcodeproj; path = External/ReactiveCocoa/ReactiveCocoaFramework/ReactiveCocoa.xcodeproj; sourceTree = "<group>"; };
		0F6E9603164EF14C005CEADF /* QuartzCore.framework */ = {isa = PBXFileReference; lastKnownFileType = wrapper.framework; name = QuartzCore.framework; path = System/Library/Frameworks/QuartzCore.framework; sourceTree = SDKROOT; };
		0F6E98881650A68D005CEADF /* RCLocationManager.h */ = {isa = PBXFileReference; fileEncoding = 4; lastKnownFileType = sourcecode.c.h; path = RCLocationManager.h; sourceTree = "<group>"; };
		0F6E98891650A68D005CEADF /* RCLocationManager.m */ = {isa = PBXFileReference; fileEncoding = 4; lastKnownFileType = sourcecode.c.objc; path = RCLocationManager.m; sourceTree = "<group>"; };
		0F6E988B1650A6C0005CEADF /* CoreLocation.framework */ = {isa = PBXFileReference; lastKnownFileType = wrapper.framework; name = CoreLocation.framework; path = System/Library/Frameworks/CoreLocation.framework; sourceTree = SDKROOT; };
		5B5B2EDB5A1943AF8E57D041 /* libPods.a */ = {isa = PBXFileReference; explicitFileType = archive.ar; includeInIndex = 0; path = libPods.a; sourceTree = BUILT_PRODUCTS_DIR; };
		9339CE3D16A788DB0088238D /* MainViewController.h */ = {isa = PBXFileReference; fileEncoding = 4; lastKnownFileType = sourcecode.c.h; name = MainViewController.h; path = Main/MainViewController.h; sourceTree = "<group>"; };
		9339CE3E16A788DB0088238D /* MainViewController.m */ = {isa = PBXFileReference; fileEncoding = 4; lastKnownFileType = sourcecode.c.objc; name = MainViewController.m; path = Main/MainViewController.m; sourceTree = "<group>"; };
		9339CE4516A78B8E0088238D /* CreatingObservablesStoryboard.storyboard */ = {isa = PBXFileReference; fileEncoding = 4; lastKnownFileType = file.storyboard; name = CreatingObservablesStoryboard.storyboard; path = CreatingObservables/CreatingObservablesStoryboard.storyboard; sourceTree = "<group>"; };
		9339CE4716A78C390088238D /* CreatingObservablesViewController.h */ = {isa = PBXFileReference; fileEncoding = 4; lastKnownFileType = sourcecode.c.h; name = CreatingObservablesViewController.h; path = CreatingObservables/CreatingObservablesViewController.h; sourceTree = "<group>"; };
		9339CE4816A78C390088238D /* CreatingObservablesViewController.m */ = {isa = PBXFileReference; fileEncoding = 4; lastKnownFileType = sourcecode.c.objc; name = CreatingObservablesViewController.m; path = CreatingObservables/CreatingObservablesViewController.m; sourceTree = "<group>"; };
		9339CE4A16A78DD90088238D /* WikipediaSearchViewController.h */ = {isa = PBXFileReference; fileEncoding = 4; lastKnownFileType = sourcecode.c.h; name = WikipediaSearchViewController.h; path = CreatingObservables/WikipediaSearchViewController.h; sourceTree = "<group>"; };
		9339CE4B16A78DD90088238D /* WikipediaSearchViewController.m */ = {isa = PBXFileReference; fileEncoding = 4; lastKnownFileType = sourcecode.c.objc; name = WikipediaSearchViewController.m; path = CreatingObservables/WikipediaSearchViewController.m; sourceTree = "<group>"; };
		9339CE4E16A796480088238D /* RxOperatorsStoryboard.storyboard */ = {isa = PBXFileReference; fileEncoding = 4; lastKnownFileType = file.storyboard; name = RxOperatorsStoryboard.storyboard; path = "reactive-cocoa-playground/RxOperators/RxOperatorsStoryboard.storyboard"; sourceTree = "<group>"; };
		9339CE5016A796890088238D /* RxOperatorsViewController.h */ = {isa = PBXFileReference; fileEncoding = 4; lastKnownFileType = sourcecode.c.h; name = RxOperatorsViewController.h; path = "reactive-cocoa-playground/RxOperators/RxOperatorsViewController.h"; sourceTree = "<group>"; };
		9339CE5116A796890088238D /* RxOperatorsViewController.m */ = {isa = PBXFileReference; fileEncoding = 4; lastKnownFileType = sourcecode.c.objc; name = RxOperatorsViewController.m; path = "reactive-cocoa-playground/RxOperators/RxOperatorsViewController.m"; sourceTree = "<group>"; };
		9339CE5416A797EB0088238D /* EventsStoryboard.storyboard */ = {isa = PBXFileReference; fileEncoding = 4; lastKnownFileType = file.storyboard; name = EventsStoryboard.storyboard; path = Events/EventsStoryboard.storyboard; sourceTree = "<group>"; };
		9339CE5616A798000088238D /* EventsViewController.h */ = {isa = PBXFileReference; fileEncoding = 4; lastKnownFileType = sourcecode.c.h; name = EventsViewController.h; path = Events/EventsViewController.h; sourceTree = "<group>"; };
		9339CE5716A798000088238D /* EventsViewController.m */ = {isa = PBXFileReference; fileEncoding = 4; lastKnownFileType = sourcecode.c.objc; name = EventsViewController.m; path = Events/EventsViewController.m; sourceTree = "<group>"; };
		9339CE5A16A798F60088238D /* SchedulersStoryboard.storyboard */ = {isa = PBXFileReference; fileEncoding = 4; lastKnownFileType = file.storyboard; name = SchedulersStoryboard.storyboard; path = Schedulers/SchedulersStoryboard.storyboard; sourceTree = "<group>"; };
		9339CE5C16A7995B0088238D /* BackgroundSchedulerViewController.h */ = {isa = PBXFileReference; fileEncoding = 4; lastKnownFileType = sourcecode.c.h; name = BackgroundSchedulerViewController.h; path = Schedulers/BackgroundSchedulerViewController.h; sourceTree = "<group>"; };
		9339CE5D16A7995B0088238D /* BackgroundSchedulerViewController.m */ = {isa = PBXFileReference; fileEncoding = 4; lastKnownFileType = sourcecode.c.objc; name = BackgroundSchedulerViewController.m; path = Schedulers/BackgroundSchedulerViewController.m; sourceTree = "<group>"; };
		9339CE5E16A7995B0088238D /* SchedulerBackgroundViewController.h */ = {isa = PBXFileReference; fileEncoding = 4; lastKnownFileType = sourcecode.c.h; name = SchedulerBackgroundViewController.h; path = Schedulers/SchedulerBackgroundViewController.h; sourceTree = "<group>"; };
		9339CE5F16A7995B0088238D /* SchedulerBackgroundViewController.m */ = {isa = PBXFileReference; fileEncoding = 4; lastKnownFileType = sourcecode.c.objc; name = SchedulerBackgroundViewController.m; path = Schedulers/SchedulerBackgroundViewController.m; sourceTree = "<group>"; };
		9339CE6316A79A5F0088238D /* AFNetworkingStoryboard.storyboard */ = {isa = PBXFileReference; fileEncoding = 4; lastKnownFileType = file.storyboard; name = AFNetworkingStoryboard.storyboard; path = AFNetworking/AFNetworkingStoryboard.storyboard; sourceTree = "<group>"; };
		9339CE6516A79ACF0088238D /* AFNetworkingViewController.h */ = {isa = PBXFileReference; fileEncoding = 4; lastKnownFileType = sourcecode.c.h; name = AFNetworkingViewController.h; path = AFNetworking/AFNetworkingViewController.h; sourceTree = "<group>"; };
		9339CE6616A79ACF0088238D /* AFNetworkingViewController.m */ = {isa = PBXFileReference; fileEncoding = 4; lastKnownFileType = sourcecode.c.objc; name = AFNetworkingViewController.m; path = AFNetworking/AFNetworkingViewController.m; sourceTree = "<group>"; };
		9339CE6716A79ACF0088238D /* Api.h */ = {isa = PBXFileReference; fileEncoding = 4; lastKnownFileType = sourcecode.c.h; name = Api.h; path = AFNetworking/Api.h; sourceTree = "<group>"; };
		9339CE6816A79ACF0088238D /* Api.m */ = {isa = PBXFileReference; fileEncoding = 4; lastKnownFileType = sourcecode.c.objc; name = Api.m; path = AFNetworking/Api.m; sourceTree = "<group>"; };
		93F4D30316A8C6FF0006A507 /* LoginSampleStoryboard.storyboard */ = {isa = PBXFileReference; fileEncoding = 4; lastKnownFileType = file.storyboard; name = LoginSampleStoryboard.storyboard; path = LoginSample/LoginSampleStoryboard.storyboard; sourceTree = "<group>"; };
		93F4D30516A8C75A0006A507 /* LoginSampleViewController.h */ = {isa = PBXFileReference; fileEncoding = 4; lastKnownFileType = sourcecode.c.h; name = LoginSampleViewController.h; path = LoginSample/LoginSampleViewController.h; sourceTree = "<group>"; };
		93F4D30616A8C75A0006A507 /* LoginSampleViewController.m */ = {isa = PBXFileReference; fileEncoding = 4; lastKnownFileType = sourcecode.c.objc; name = LoginSampleViewController.m; path = LoginSample/LoginSampleViewController.m; sourceTree = "<group>"; };
		93F4D31016A8C84B0006A507 /* TwitterSearchTableViewCell.h */ = {isa = PBXFileReference; fileEncoding = 4; lastKnownFileType = sourcecode.c.h; path = TwitterSearchTableViewCell.h; sourceTree = "<group>"; };
		93F4D31116A8C84B0006A507 /* TwitterSearchTableViewCell.m */ = {isa = PBXFileReference; fileEncoding = 4; lastKnownFileType = sourcecode.c.objc; path = TwitterSearchTableViewCell.m; sourceTree = "<group>"; };
		93F4D31216A8C84B0006A507 /* TwitterSearchViewController.h */ = {isa = PBXFileReference; fileEncoding = 4; lastKnownFileType = sourcecode.c.h; path = TwitterSearchViewController.h; sourceTree = "<group>"; };
		93F4D31316A8C84B0006A507 /* TwitterSearchViewController.m */ = {isa = PBXFileReference; fileEncoding = 4; lastKnownFileType = sourcecode.c.objc; path = TwitterSearchViewController.m; sourceTree = "<group>"; };
		93F4D31616A8C8610006A507 /* TwitterSearchStoryboard.storyboard */ = {isa = PBXFileReference; fileEncoding = 4; lastKnownFileType = file.storyboard; path = TwitterSearchStoryboard.storyboard; sourceTree = "<group>"; };
		93F4D31916A8CA730006A507 /* LocationManagerStoryboard.storyboard */ = {isa = PBXFileReference; fileEncoding = 4; lastKnownFileType = file.storyboard; name = LocationManagerStoryboard.storyboard; path = LocationManager/LocationManagerStoryboard.storyboard; sourceTree = "<group>"; };
		93F4D31B16A8CAD00006A507 /* LocationManagerViewController.h */ = {isa = PBXFileReference; fileEncoding = 4; lastKnownFileType = sourcecode.c.h; name = LocationManagerViewController.h; path = LocationManager/LocationManagerViewController.h; sourceTree = "<group>"; };
		93F4D31C16A8CAD00006A507 /* LocationManagerViewController.m */ = {isa = PBXFileReference; fileEncoding = 4; lastKnownFileType = sourcecode.c.objc; name = LocationManagerViewController.m; path = LocationManager/LocationManagerViewController.m; sourceTree = "<group>"; };
		93F4D34816A912020006A507 /* TwitterInstantSearchStoryboard.storyboard */ = {isa = PBXFileReference; fileEncoding = 4; lastKnownFileType = file.storyboard; name = TwitterInstantSearchStoryboard.storyboard; path = TwitterInstantSearch/TwitterInstantSearchStoryboard.storyboard; sourceTree = "<group>"; };
		93F4D34A16A912280006A507 /* TwitterInstantSearchViewController.h */ = {isa = PBXFileReference; fileEncoding = 4; lastKnownFileType = sourcecode.c.h; name = TwitterInstantSearchViewController.h; path = TwitterInstantSearch/TwitterInstantSearchViewController.h; sourceTree = "<group>"; };
		93F4D34B16A912280006A507 /* TwitterInstantSearchViewController.m */ = {isa = PBXFileReference; fileEncoding = 4; lastKnownFileType = sourcecode.c.objc; name = TwitterInstantSearchViewController.m; path = TwitterInstantSearch/TwitterInstantSearchViewController.m; sourceTree = "<group>"; };
		93F4D34E16A918970006A507 /* TwitterInstantSearchModel.h */ = {isa = PBXFileReference; fileEncoding = 4; lastKnownFileType = sourcecode.c.h; name = TwitterInstantSearchModel.h; path = TwitterInstantSearch/Models/TwitterInstantSearchModel.h; sourceTree = "<group>"; };
		93F4D34F16A918970006A507 /* TwitterInstantSearchModel.m */ = {isa = PBXFileReference; fileEncoding = 4; lastKnownFileType = sourcecode.c.objc; name = TwitterInstantSearchModel.m; path = TwitterInstantSearch/Models/TwitterInstantSearchModel.m; sourceTree = "<group>"; };
/* End PBXFileReference section */

/* Begin PBXFrameworksBuildPhase section */
		0F0DEEFC160BF29D0083A979 /* Frameworks */ = {
			isa = PBXFrameworksBuildPhase;
			buildActionMask = 2147483647;
			files = (
				0F6E988C1650A6C0005CEADF /* CoreLocation.framework in Frameworks */,
				0F6E9604164EF14C005CEADF /* QuartzCore.framework in Frameworks */,
				0F0DEF04160BF29D0083A979 /* UIKit.framework in Frameworks */,
				0F0DEF06160BF29D0083A979 /* Foundation.framework in Frameworks */,
				0F0DEF08160BF29D0083A979 /* CoreGraphics.framework in Frameworks */,
				14CA4659FA08449685AFEAAC /* libPods.a in Frameworks */,
			);
			runOnlyForDeploymentPostprocessing = 0;
		};
		0F0DEF1C160BF29E0083A979 /* Frameworks */ = {
			isa = PBXFrameworksBuildPhase;
			buildActionMask = 2147483647;
			files = (
				0F0DEF22160BF29E0083A979 /* SenTestingKit.framework in Frameworks */,
				0F0DEF23160BF29E0083A979 /* UIKit.framework in Frameworks */,
				0F0DEF24160BF29E0083A979 /* Foundation.framework in Frameworks */,
			);
			runOnlyForDeploymentPostprocessing = 0;
		};
/* End PBXFrameworksBuildPhase section */

/* Begin PBXGroup section */
		0F0DEEF4160BF29D0083A979 = {
			isa = PBXGroup;
			children = (
				0F0DEF09160BF29D0083A979 /* reactive-cocoa-playground */,
				0F0DEF27160BF29E0083A979 /* reactive-cocoa-playgroundTests */,
				0F0DEF02160BF29D0083A979 /* Frameworks */,
				0F0DEF00160BF29D0083A979 /* Products */,
				01899E5251794EAEA70B6F22 /* Pods.xcconfig */,
			);
			sourceTree = "<group>";
		};
		0F0DEF00160BF29D0083A979 /* Products */ = {
			isa = PBXGroup;
			children = (
				0F0DEEFF160BF29D0083A979 /* reactive-cocoa-playground.app */,
				0F0DEF20160BF29E0083A979 /* reactive-cocoa-playgroundTests.octest */,
			);
			name = Products;
			sourceTree = "<group>";
		};
		0F0DEF02160BF29D0083A979 /* Frameworks */ = {
			isa = PBXGroup;
			children = (
				0F6E988B1650A6C0005CEADF /* CoreLocation.framework */,
				0F6E9603164EF14C005CEADF /* QuartzCore.framework */,
				0F0DEF03160BF29D0083A979 /* UIKit.framework */,
				0F0DEF05160BF29D0083A979 /* Foundation.framework */,
				0F0DEF07160BF29D0083A979 /* CoreGraphics.framework */,
				0F0DEF21160BF29E0083A979 /* SenTestingKit.framework */,
				5B5B2EDB5A1943AF8E57D041 /* libPods.a */,
				0F6E9581164ED4E3005CEADF /* ReactiveCocoa.xcodeproj */,
				0F6E98871650A68D005CEADF /* RCLocationManager */,
			);
			name = Frameworks;
			sourceTree = "<group>";
		};
		0F0DEF09160BF29D0083A979 /* reactive-cocoa-playground */ = {
			isa = PBXGroup;
			children = (
				932D98FD16A7881800A7FBFC /* Main */,
				9339CE4116A78B3F0088238D /* CreatingObservables */,
				9339CE4D16A796160088238D /* RxOperators */,
				9339CE5316A797D00088238D /* Events */,
				9339CE5916A798DA0088238D /* Schedulers */,
				9339CE6216A79A250088238D /* AFNetworking */,
				93F4D30116A8C6D60006A507 /* LoginSample */,
				93F4D30F16A8C84B0006A507 /* TwitterSearch */,
				93F4D34616A911E10006A507 /* TwitterInstantSearch */,
				93F4D31816A8CA560006A507 /* LocationManager */,
				0F0DEF4C160BF3550083A979 /* Classes */,
				0F0DEF0A160BF29D0083A979 /* Supporting Files */,
			);
			path = "reactive-cocoa-playground";
			sourceTree = "<group>";
		};
		0F0DEF0A160BF29D0083A979 /* Supporting Files */ = {
			isa = PBXGroup;
			children = (
				0F0DEF52160BF36F0083A979 /* main.m */,
				0F0DEF0B160BF29D0083A979 /* reactive-cocoa-playground-Info.plist */,
				0F0DEF0C160BF29D0083A979 /* InfoPlist.strings */,
				0F0DEF11160BF29E0083A979 /* reactive-cocoa-playground-Prefix.pch */,
			);
			name = "Supporting Files";
			sourceTree = "<group>";
		};
		0F0DEF27160BF29E0083A979 /* reactive-cocoa-playgroundTests */ = {
			isa = PBXGroup;
			children = (
				0F0DEF2D160BF29E0083A979 /* reactive_cocoa_playgroundTests.h */,
				0F0DEF2E160BF29E0083A979 /* reactive_cocoa_playgroundTests.m */,
				0F0DEF28160BF29E0083A979 /* Supporting Files */,
			);
			path = "reactive-cocoa-playgroundTests";
			sourceTree = "<group>";
		};
		0F0DEF28160BF29E0083A979 /* Supporting Files */ = {
			isa = PBXGroup;
			children = (
				0F0DEF29160BF29E0083A979 /* reactive-cocoa-playgroundTests-Info.plist */,
				0F0DEF2A160BF29E0083A979 /* InfoPlist.strings */,
			);
			name = "Supporting Files";
			sourceTree = "<group>";
		};
		0F0DEF4C160BF3550083A979 /* Classes */ = {
			isa = PBXGroup;
			children = (
				0F0DEF4D160BF3550083A979 /* AppDelegate.h */,
				0F0DEF4E160BF3550083A979 /* AppDelegate.m */,
			);
			path = Classes;
			sourceTree = "<group>";
		};
		0F6E9582164ED4E3005CEADF /* Products */ = {
			isa = PBXGroup;
			children = (
				0F6E9593164ED4E3005CEADF /* ReactiveCocoa.framework */,
				0F6E9595164ED4E3005CEADF /* libReactiveCocoa-iOS.a */,
				0F6E9597164ED4E3005CEADF /* ReactiveCocoaTests.octest */,
			);
			name = Products;
			sourceTree = "<group>";
		};
		0F6E98871650A68D005CEADF /* RCLocationManager */ = {
			isa = PBXGroup;
			children = (
				0F6E98881650A68D005CEADF /* RCLocationManager.h */,
				0F6E98891650A68D005CEADF /* RCLocationManager.m */,
			);
			name = RCLocationManager;
			path = External/RCLocationManager;
			sourceTree = "<group>";
		};
		932D98FD16A7881800A7FBFC /* Main */ = {
			isa = PBXGroup;
			children = (
				0F0DEF15160BF29E0083A979 /* MainStoryboard.storyboard */,
				9339CE3D16A788DB0088238D /* MainViewController.h */,
				9339CE3E16A788DB0088238D /* MainViewController.m */,
			);
			name = Main;
			sourceTree = "<group>";
		};
		9339CE4116A78B3F0088238D /* CreatingObservables */ = {
			isa = PBXGroup;
			children = (
				9339CE4516A78B8E0088238D /* CreatingObservablesStoryboard.storyboard */,
				9339CE4716A78C390088238D /* CreatingObservablesViewController.h */,
				9339CE4816A78C390088238D /* CreatingObservablesViewController.m */,
				9339CE4A16A78DD90088238D /* WikipediaSearchViewController.h */,
				9339CE4B16A78DD90088238D /* WikipediaSearchViewController.m */,
			);
			name = CreatingObservables;
			sourceTree = "<group>";
		};
		9339CE4D16A796160088238D /* RxOperators */ = {
			isa = PBXGroup;
			children = (
				9339CE4E16A796480088238D /* RxOperatorsStoryboard.storyboard */,
				9339CE5016A796890088238D /* RxOperatorsViewController.h */,
				9339CE5116A796890088238D /* RxOperatorsViewController.m */,
			);
			name = RxOperators;
			path = ..;
			sourceTree = "<group>";
		};
		9339CE5316A797D00088238D /* Events */ = {
			isa = PBXGroup;
			children = (
				9339CE5416A797EB0088238D /* EventsStoryboard.storyboard */,
				9339CE5616A798000088238D /* EventsViewController.h */,
				9339CE5716A798000088238D /* EventsViewController.m */,
			);
			name = Events;
			sourceTree = "<group>";
		};
		9339CE5916A798DA0088238D /* Schedulers */ = {
			isa = PBXGroup;
			children = (
				9339CE5A16A798F60088238D /* SchedulersStoryboard.storyboard */,
				9339CE5C16A7995B0088238D /* BackgroundSchedulerViewController.h */,
				9339CE5D16A7995B0088238D /* BackgroundSchedulerViewController.m */,
				9339CE5E16A7995B0088238D /* SchedulerBackgroundViewController.h */,
				9339CE5F16A7995B0088238D /* SchedulerBackgroundViewController.m */,
			);
			name = Schedulers;
			sourceTree = "<group>";
		};
		9339CE6216A79A250088238D /* AFNetworking */ = {
			isa = PBXGroup;
			children = (
				9339CE6316A79A5F0088238D /* AFNetworkingStoryboard.storyboard */,
				9339CE6516A79ACF0088238D /* AFNetworkingViewController.h */,
				9339CE6616A79ACF0088238D /* AFNetworkingViewController.m */,
				9339CE6716A79ACF0088238D /* Api.h */,
				9339CE6816A79ACF0088238D /* Api.m */,
			);
			name = AFNetworking;
			sourceTree = "<group>";
		};
		93F4D30116A8C6D60006A507 /* LoginSample */ = {
			isa = PBXGroup;
			children = (
				93F4D30316A8C6FF0006A507 /* LoginSampleStoryboard.storyboard */,
				93F4D30516A8C75A0006A507 /* LoginSampleViewController.h */,
				93F4D30616A8C75A0006A507 /* LoginSampleViewController.m */,
			);
			name = LoginSample;
			sourceTree = "<group>";
		};
		93F4D30F16A8C84B0006A507 /* TwitterSearch */ = {
			isa = PBXGroup;
			children = (
				93F4D31616A8C8610006A507 /* TwitterSearchStoryboard.storyboard */,
				93F4D31016A8C84B0006A507 /* TwitterSearchTableViewCell.h */,
				93F4D31116A8C84B0006A507 /* TwitterSearchTableViewCell.m */,
				93F4D31216A8C84B0006A507 /* TwitterSearchViewController.h */,
				93F4D31316A8C84B0006A507 /* TwitterSearchViewController.m */,
			);
			path = TwitterSearch;
			sourceTree = "<group>";
		};
		93F4D31816A8CA560006A507 /* LocationManager */ = {
			isa = PBXGroup;
			children = (
				93F4D31916A8CA730006A507 /* LocationManagerStoryboard.storyboard */,
				93F4D31B16A8CAD00006A507 /* LocationManagerViewController.h */,
				93F4D31C16A8CAD00006A507 /* LocationManagerViewController.m */,
			);
			name = LocationManager;
			sourceTree = "<group>";
		};
		93F4D34616A911E10006A507 /* TwitterInstantSearch */ = {
			isa = PBXGroup;
			children = (
				93F4D34816A912020006A507 /* TwitterInstantSearchStoryboard.storyboard */,
				93F4D34D16A9187C0006A507 /* Models */,
				93F4D34A16A912280006A507 /* TwitterInstantSearchViewController.h */,
				93F4D34B16A912280006A507 /* TwitterInstantSearchViewController.m */,
			);
			name = TwitterInstantSearch;
			sourceTree = "<group>";
		};
		93F4D34D16A9187C0006A507 /* Models */ = {
			isa = PBXGroup;
			children = (
				93F4D34E16A918970006A507 /* TwitterInstantSearchModel.h */,
				93F4D34F16A918970006A507 /* TwitterInstantSearchModel.m */,
			);
			name = Models;
			sourceTree = "<group>";
		};
/* End PBXGroup section */

/* Begin PBXNativeTarget section */
		0F0DEEFE160BF29D0083A979 /* reactive-cocoa-playground */ = {
			isa = PBXNativeTarget;
			buildConfigurationList = 0F0DEF32160BF29E0083A979 /* Build configuration list for PBXNativeTarget "reactive-cocoa-playground" */;
			buildPhases = (
				0F0DEEFB160BF29D0083A979 /* Sources */,
				0F0DEEFC160BF29D0083A979 /* Frameworks */,
				0F0DEEFD160BF29D0083A979 /* Resources */,
				935A14201C704483A1C7388C /* Copy Pods Resources */,
			);
			buildRules = (
			);
			dependencies = (
			);
			name = "reactive-cocoa-playground";
			productName = "reactive-cocoa-playground";
			productReference = 0F0DEEFF160BF29D0083A979 /* reactive-cocoa-playground.app */;
			productType = "com.apple.product-type.application";
		};
		0F0DEF1F160BF29E0083A979 /* reactive-cocoa-playgroundTests */ = {
			isa = PBXNativeTarget;
			buildConfigurationList = 0F0DEF35160BF29E0083A979 /* Build configuration list for PBXNativeTarget "reactive-cocoa-playgroundTests" */;
			buildPhases = (
				0F0DEF1B160BF29E0083A979 /* Sources */,
				0F0DEF1C160BF29E0083A979 /* Frameworks */,
				0F0DEF1D160BF29E0083A979 /* Resources */,
				0F0DEF1E160BF29E0083A979 /* ShellScript */,
			);
			buildRules = (
			);
			dependencies = (
				0F0DEF26160BF29E0083A979 /* PBXTargetDependency */,
			);
			name = "reactive-cocoa-playgroundTests";
			productName = "reactive-cocoa-playgroundTests";
			productReference = 0F0DEF20160BF29E0083A979 /* reactive-cocoa-playgroundTests.octest */;
			productType = "com.apple.product-type.bundle";
		};
/* End PBXNativeTarget section */

/* Begin PBXProject section */
		0F0DEEF6160BF29D0083A979 /* Project object */ = {
			isa = PBXProject;
			attributes = {
				LastUpgradeCheck = 0440;
				ORGANIZATIONNAME = "Prabir Shrestha";
			};
			buildConfigurationList = 0F0DEEF9160BF29D0083A979 /* Build configuration list for PBXProject "reactive-cocoa-playground" */;
			compatibilityVersion = "Xcode 3.2";
			developmentRegion = English;
			hasScannedForEncodings = 0;
			knownRegions = (
				en,
			);
			mainGroup = 0F0DEEF4160BF29D0083A979;
			productRefGroup = 0F0DEF00160BF29D0083A979 /* Products */;
			projectDirPath = "";
			projectReferences = (
				{
					ProductGroup = 0F6E9582164ED4E3005CEADF /* Products */;
					ProjectRef = 0F6E9581164ED4E3005CEADF /* ReactiveCocoa.xcodeproj */;
				},
			);
			projectRoot = "";
			targets = (
				0F0DEEFE160BF29D0083A979 /* reactive-cocoa-playground */,
				0F0DEF1F160BF29E0083A979 /* reactive-cocoa-playgroundTests */,
			);
		};
/* End PBXProject section */

/* Begin PBXReferenceProxy section */
		0F6E9593164ED4E3005CEADF /* ReactiveCocoa.framework */ = {
			isa = PBXReferenceProxy;
			fileType = wrapper.framework;
			path = ReactiveCocoa.framework;
			remoteRef = 0F6E9592164ED4E3005CEADF /* PBXContainerItemProxy */;
			sourceTree = BUILT_PRODUCTS_DIR;
		};
		0F6E9595164ED4E3005CEADF /* libReactiveCocoa-iOS.a */ = {
			isa = PBXReferenceProxy;
			fileType = archive.ar;
			path = "libReactiveCocoa-iOS.a";
			remoteRef = 0F6E9594164ED4E3005CEADF /* PBXContainerItemProxy */;
			sourceTree = BUILT_PRODUCTS_DIR;
		};
		0F6E9597164ED4E3005CEADF /* ReactiveCocoaTests.octest */ = {
			isa = PBXReferenceProxy;
			fileType = wrapper.cfbundle;
			path = ReactiveCocoaTests.octest;
			remoteRef = 0F6E9596164ED4E3005CEADF /* PBXContainerItemProxy */;
			sourceTree = BUILT_PRODUCTS_DIR;
		};
/* End PBXReferenceProxy section */

/* Begin PBXResourcesBuildPhase section */
		0F0DEEFD160BF29D0083A979 /* Resources */ = {
			isa = PBXResourcesBuildPhase;
			buildActionMask = 2147483647;
			files = (
				0F0DEF0E160BF29D0083A979 /* InfoPlist.strings in Resources */,
				0F0DEF17160BF29E0083A979 /* MainStoryboard.storyboard in Resources */,
				9339CE4616A78B8E0088238D /* CreatingObservablesStoryboard.storyboard in Resources */,
				9339CE4F16A796480088238D /* RxOperatorsStoryboard.storyboard in Resources */,
				9339CE5516A797EB0088238D /* EventsStoryboard.storyboard in Resources */,
				9339CE5B16A798F60088238D /* SchedulersStoryboard.storyboard in Resources */,
				9339CE6416A79A5F0088238D /* AFNetworkingStoryboard.storyboard in Resources */,
				93F4D30416A8C6FF0006A507 /* LoginSampleStoryboard.storyboard in Resources */,
				93F4D31716A8C8610006A507 /* TwitterSearchStoryboard.storyboard in Resources */,
				93F4D31A16A8CA730006A507 /* LocationManagerStoryboard.storyboard in Resources */,
				93F4D34916A912020006A507 /* TwitterInstantSearchStoryboard.storyboard in Resources */,
			);
			runOnlyForDeploymentPostprocessing = 0;
		};
		0F0DEF1D160BF29E0083A979 /* Resources */ = {
			isa = PBXResourcesBuildPhase;
			buildActionMask = 2147483647;
			files = (
				0F0DEF2C160BF29E0083A979 /* InfoPlist.strings in Resources */,
			);
			runOnlyForDeploymentPostprocessing = 0;
		};
/* End PBXResourcesBuildPhase section */

/* Begin PBXShellScriptBuildPhase section */
		0F0DEF1E160BF29E0083A979 /* ShellScript */ = {
			isa = PBXShellScriptBuildPhase;
			buildActionMask = 2147483647;
			files = (
			);
			inputPaths = (
			);
			outputPaths = (
			);
			runOnlyForDeploymentPostprocessing = 0;
			shellPath = /bin/sh;
			shellScript = "# Run the unit tests in this test bundle.\n\"${SYSTEM_DEVELOPER_DIR}/Tools/RunUnitTests\"\n";
		};
		935A14201C704483A1C7388C /* Copy Pods Resources */ = {
			isa = PBXShellScriptBuildPhase;
			buildActionMask = 2147483647;
			files = (
			);
			inputPaths = (
			);
			name = "Copy Pods Resources";
			outputPaths = (
			);
			runOnlyForDeploymentPostprocessing = 0;
			shellPath = /bin/sh;
			shellScript = "\"${SRCROOT}/Pods/Pods-resources.sh\"\n";
		};
/* End PBXShellScriptBuildPhase section */

/* Begin PBXSourcesBuildPhase section */
		0F0DEEFB160BF29D0083A979 /* Sources */ = {
			isa = PBXSourcesBuildPhase;
			buildActionMask = 2147483647;
			files = (
				0F0DEF50160BF3550083A979 /* AppDelegate.m in Sources */,
				0F0DEF53160BF36F0083A979 /* main.m in Sources */,
				0F6E988A1650A68D005CEADF /* RCLocationManager.m in Sources */,
				9339CE3F16A788DB0088238D /* MainViewController.m in Sources */,
				9339CE4916A78C390088238D /* CreatingObservablesViewController.m in Sources */,
				9339CE4C16A78DD90088238D /* WikipediaSearchViewController.m in Sources */,
				9339CE5216A796890088238D /* RxOperatorsViewController.m in Sources */,
				9339CE5816A798000088238D /* EventsViewController.m in Sources */,
				9339CE6016A7995B0088238D /* BackgroundSchedulerViewController.m in Sources */,
				9339CE6116A7995B0088238D /* SchedulerBackgroundViewController.m in Sources */,
				9339CE6916A79ACF0088238D /* AFNetworkingViewController.m in Sources */,
				9339CE6A16A79ACF0088238D /* Api.m in Sources */,
				93F4D30716A8C75A0006A507 /* LoginSampleViewController.m in Sources */,
				93F4D31416A8C84B0006A507 /* TwitterSearchTableViewCell.m in Sources */,
				93F4D31516A8C84B0006A507 /* TwitterSearchViewController.m in Sources */,
				93F4D31D16A8CAD00006A507 /* LocationManagerViewController.m in Sources */,
				93F4D34C16A912280006A507 /* TwitterInstantSearchViewController.m in Sources */,
				93F4D35016A918970006A507 /* TwitterInstantSearchModel.m in Sources */,
			);
			runOnlyForDeploymentPostprocessing = 0;
		};
		0F0DEF1B160BF29E0083A979 /* Sources */ = {
			isa = PBXSourcesBuildPhase;
			buildActionMask = 2147483647;
			files = (
				0F0DEF2F160BF29E0083A979 /* reactive_cocoa_playgroundTests.m in Sources */,
			);
			runOnlyForDeploymentPostprocessing = 0;
		};
/* End PBXSourcesBuildPhase section */

/* Begin PBXTargetDependency section */
		0F0DEF26160BF29E0083A979 /* PBXTargetDependency */ = {
			isa = PBXTargetDependency;
			target = 0F0DEEFE160BF29D0083A979 /* reactive-cocoa-playground */;
			targetProxy = 0F0DEF25160BF29E0083A979 /* PBXContainerItemProxy */;
		};
/* End PBXTargetDependency section */

/* Begin PBXVariantGroup section */
		0F0DEF0C160BF29D0083A979 /* InfoPlist.strings */ = {
			isa = PBXVariantGroup;
			children = (
				0F0DEF0D160BF29D0083A979 /* en */,
			);
			name = InfoPlist.strings;
			sourceTree = "<group>";
		};
		0F0DEF15160BF29E0083A979 /* MainStoryboard.storyboard */ = {
			isa = PBXVariantGroup;
			children = (
				0F0DEF16160BF29E0083A979 /* en */,
			);
			name = MainStoryboard.storyboard;
			sourceTree = "<group>";
		};
		0F0DEF2A160BF29E0083A979 /* InfoPlist.strings */ = {
			isa = PBXVariantGroup;
			children = (
				0F0DEF2B160BF29E0083A979 /* en */,
			);
			name = InfoPlist.strings;
			sourceTree = "<group>";
		};
/* End PBXVariantGroup section */

/* Begin XCBuildConfiguration section */
		0F0DEF30160BF29E0083A979 /* Debug */ = {
			isa = XCBuildConfiguration;
			buildSettings = {
				ALWAYS_SEARCH_USER_PATHS = NO;
				ARCHS = "$(ARCHS_STANDARD_32_BIT)";
				CLANG_CXX_LANGUAGE_STANDARD = "gnu++0x";
				CLANG_ENABLE_OBJC_ARC = YES;
				CLANG_WARN__DUPLICATE_METHOD_MATCH = YES;
				"CODE_SIGN_IDENTITY[sdk=iphoneos*]" = "iPhone Developer";
				COPY_PHASE_STRIP = NO;
				GCC_C_LANGUAGE_STANDARD = gnu99;
				GCC_DYNAMIC_NO_PIC = NO;
				GCC_OPTIMIZATION_LEVEL = 0;
				GCC_PREPROCESSOR_DEFINITIONS = (
					"DEBUG=1",
					"$(inherited)",
				);
				GCC_SYMBOLS_PRIVATE_EXTERN = NO;
				GCC_VERSION = com.apple.compilers.llvm.clang.1_0;
				GCC_WARN_ABOUT_RETURN_TYPE = YES;
				GCC_WARN_UNINITIALIZED_AUTOS = YES;
				GCC_WARN_UNUSED_VARIABLE = YES;
				IPHONEOS_DEPLOYMENT_TARGET = 5.1;
				SDKROOT = iphoneos;
			};
			name = Debug;
		};
		0F0DEF31160BF29E0083A979 /* Release */ = {
			isa = XCBuildConfiguration;
			buildSettings = {
				ALWAYS_SEARCH_USER_PATHS = NO;
				ARCHS = "$(ARCHS_STANDARD_32_BIT)";
				CLANG_CXX_LANGUAGE_STANDARD = "gnu++0x";
				CLANG_ENABLE_OBJC_ARC = YES;
				CLANG_WARN__DUPLICATE_METHOD_MATCH = YES;
				"CODE_SIGN_IDENTITY[sdk=iphoneos*]" = "iPhone Developer";
				COPY_PHASE_STRIP = YES;
				GCC_C_LANGUAGE_STANDARD = gnu99;
				GCC_VERSION = com.apple.compilers.llvm.clang.1_0;
				GCC_WARN_ABOUT_RETURN_TYPE = YES;
				GCC_WARN_UNINITIALIZED_AUTOS = YES;
				GCC_WARN_UNUSED_VARIABLE = YES;
				IPHONEOS_DEPLOYMENT_TARGET = 5.1;
				OTHER_CFLAGS = "-DNS_BLOCK_ASSERTIONS=1";
				SDKROOT = iphoneos;
				VALIDATE_PRODUCT = YES;
			};
			name = Release;
		};
		0F0DEF33160BF29E0083A979 /* Debug */ = {
			isa = XCBuildConfiguration;
			baseConfigurationReference = 01899E5251794EAEA70B6F22 /* Pods.xcconfig */;
			buildSettings = {
				FRAMEWORK_SEARCH_PATHS = "\"$(PROJECT_DIR)/External/ReactiveCocoa/ReactiveCocoaFramework\"/**";
				GCC_PRECOMPILE_PREFIX_HEADER = YES;
				GCC_PREFIX_HEADER = "reactive-cocoa-playground/reactive-cocoa-playground-Prefix.pch";
				HEADER_SEARCH_PATHS = (
					"${PODS_HEADERS_SEARCH_PATHS}",
					"\"$(PROJECT_DIR)/External/ReactiveCocoa/ReactiveCocoaFramework\"/**",
				);
				INFOPLIST_FILE = "reactive-cocoa-playground/reactive-cocoa-playground-Info.plist";
				IPHONEOS_DEPLOYMENT_TARGET = 5.0;
				ONLY_ACTIVE_ARCH = YES;
				OTHER_LDFLAGS = (
					"-ObjC",
					"-Wl,-no_compact_unwind",
					"-framework",
					MessageUI,
					"-framework",
					MobileCoreServices,
					"-framework",
					SystemConfiguration,
					"-all_load",
				);
				PRODUCT_NAME = "$(TARGET_NAME)";
				WRAPPER_EXTENSION = app;
			};
			name = Debug;
		};
		0F0DEF34160BF29E0083A979 /* Release */ = {
			isa = XCBuildConfiguration;
			baseConfigurationReference = 01899E5251794EAEA70B6F22 /* Pods.xcconfig */;
			buildSettings = {
				FRAMEWORK_SEARCH_PATHS = "\"$(PROJECT_DIR)/External/ReactiveCocoa/ReactiveCocoaFramework\"/**";
				GCC_PRECOMPILE_PREFIX_HEADER = YES;
				GCC_PREFIX_HEADER = "reactive-cocoa-playground/reactive-cocoa-playground-Prefix.pch";
				HEADER_SEARCH_PATHS = (
					"${PODS_HEADERS_SEARCH_PATHS}",
					"\"$(PROJECT_DIR)/External/ReactiveCocoa/ReactiveCocoaFramework\"/**",
				);
				INFOPLIST_FILE = "reactive-cocoa-playground/reactive-cocoa-playground-Info.plist";
				IPHONEOS_DEPLOYMENT_TARGET = 5.0;
				ONLY_ACTIVE_ARCH = YES;
				OTHER_LDFLAGS = (
					"-ObjC",
					"-Wl,-no_compact_unwind",
					"-framework",
					MessageUI,
					"-framework",
					MobileCoreServices,
					"-framework",
					SystemConfiguration,
					"-all_load",
				);
				PRODUCT_NAME = "$(TARGET_NAME)";
				WRAPPER_EXTENSION = app;
			};
			name = Release;
		};
		0F0DEF36160BF29E0083A979 /* Debug */ = {
			isa = XCBuildConfiguration;
			buildSettings = {
				BUNDLE_LOADER = "$(BUILT_PRODUCTS_DIR)/reactive-cocoa-playground.app/reactive-cocoa-playground";
				FRAMEWORK_SEARCH_PATHS = (
					"\"$(SDKROOT)/Developer/Library/Frameworks\"",
					"\"$(DEVELOPER_LIBRARY_DIR)/Frameworks\"",
				);
				GCC_PRECOMPILE_PREFIX_HEADER = YES;
				GCC_PREFIX_HEADER = "reactive-cocoa-playground/reactive-cocoa-playground-Prefix.pch";
				INFOPLIST_FILE = "reactive-cocoa-playgroundTests/reactive-cocoa-playgroundTests-Info.plist";
				PRODUCT_NAME = "$(TARGET_NAME)";
				TEST_HOST = "$(BUNDLE_LOADER)";
				WRAPPER_EXTENSION = octest;
			};
			name = Debug;
		};
		0F0DEF37160BF29E0083A979 /* Release */ = {
			isa = XCBuildConfiguration;
			buildSettings = {
				BUNDLE_LOADER = "$(BUILT_PRODUCTS_DIR)/reactive-cocoa-playground.app/reactive-cocoa-playground";
				FRAMEWORK_SEARCH_PATHS = (
					"\"$(SDKROOT)/Developer/Library/Frameworks\"",
					"\"$(DEVELOPER_LIBRARY_DIR)/Frameworks\"",
				);
				GCC_PRECOMPILE_PREFIX_HEADER = YES;
				GCC_PREFIX_HEADER = "reactive-cocoa-playground/reactive-cocoa-playground-Prefix.pch";
				INFOPLIST_FILE = "reactive-cocoa-playgroundTests/reactive-cocoa-playgroundTests-Info.plist";
				PRODUCT_NAME = "$(TARGET_NAME)";
				TEST_HOST = "$(BUNDLE_LOADER)";
				WRAPPER_EXTENSION = octest;
			};
			name = Release;
		};
/* End XCBuildConfiguration section */

/* Begin XCConfigurationList section */
		0F0DEEF9160BF29D0083A979 /* Build configuration list for PBXProject "reactive-cocoa-playground" */ = {
			isa = XCConfigurationList;
			buildConfigurations = (
				0F0DEF30160BF29E0083A979 /* Debug */,
				0F0DEF31160BF29E0083A979 /* Release */,
			);
			defaultConfigurationIsVisible = 0;
			defaultConfigurationName = Release;
		};
		0F0DEF32160BF29E0083A979 /* Build configuration list for PBXNativeTarget "reactive-cocoa-playground" */ = {
			isa = XCConfigurationList;
			buildConfigurations = (
				0F0DEF33160BF29E0083A979 /* Debug */,
				0F0DEF34160BF29E0083A979 /* Release */,
			);
			defaultConfigurationIsVisible = 0;
			defaultConfigurationName = Release;
		};
		0F0DEF35160BF29E0083A979 /* Build configuration list for PBXNativeTarget "reactive-cocoa-playgroundTests" */ = {
			isa = XCConfigurationList;
			buildConfigurations = (
				0F0DEF36160BF29E0083A979 /* Debug */,
				0F0DEF37160BF29E0083A979 /* Release */,
			);
			defaultConfigurationIsVisible = 0;
			defaultConfigurationName = Release;
		};
/* End XCConfigurationList section */
	};
	rootObject = 0F0DEEF6160BF29D0083A979 /* Project object */;
}
