
COCOAPODS: 0.16.4

DEPENDENCIES: 
- AFNetworking (= 1.0)
- BlocksKit (= 1.5.2)
- EGOCache (= 0.1.0)
- Facebook-iOS-SDK (= 3.2.1)
- NoticeView (= 2.4)
- Reachability (= 3.1.0)
- ReactiveCocoa (= 1.4.0)
- SVPullToRefresh (from `https://github.com/samvermette/SVPullToRefresh.git', commit `f54d4871dbe3f905eab44f7aae7096aa15455aa4')
- TPKeyboardAvoiding (= 0.0.1)

SPEC CHECKSUMS: 
  A2DynamicDelegate: 013b345f1aca891ded67a95c1512fad677c260a9
  libextobjc/EXTScope: 2cbc74caf8bdc74a86fdf24673f773c83424ea98
  libextobjc/EXTConcreteProtocol: 2cbc74caf8bdc74a86fdf24673f773c83424ea98
  ReactiveCocoa/RACExtensions: b375edb436250161a9328adc315fe1fecfadbb63
  EGOCache: 073460647a96c40ddd93177c3bcf4c1920b385bc
  libextobjc/EXTKeyPathCoding: 2cbc74caf8bdc74a86fdf24673f773c83424ea98
  libffi: 8a1d9ba43c0c84b546b42c6f742714e73aa07ae1
  libextobjc/RuntimeExtensions: 2cbc74caf8bdc74a86fdf24673f773c83424ea98
  TPKeyboardAvoiding: 7289409b17dc2193a3f324672283c542f17c1bb1
  ReactiveCocoa: b375edb436250161a9328adc315fe1fecfadbb63
  AFNetworking: 204f4b3d3a3ea7b38737c3fbf2646ba8c9719eea
  BlocksKit: 12fbe889d9f8cc66adf5c9bd4cb0606071f214f2
  SVPullToRefresh: d95803a9816d3919378ede69342c54927fb953ea
  NoticeView: af1d5f1913808731bf4fe9e4e8533a2635e8a627
  JRSwizzle: 6242ff38485d870fc2636899048ee1ab883ae587
  Reachability: ba94ecd4eaa037be3d0588b38956672588530c5b
  Facebook-iOS-SDK: 514dc0d7d43358999267c88c088e4b5b339b7da1
  ReactiveCocoa/Core: b375edb436250161a9328adc315fe1fecfadbb63

EXTERNAL SOURCES: 
  SVPullToRefresh: 
    :git: https://github.com/samvermette/SVPullToRefresh.git
    :commit: f54d4871dbe3f905eab44f7aae7096aa15455aa4

PODS: 
- A2DynamicDelegate (2.0.2): 
  - libffi
- AFNetworking (1.0)
- BlocksKit (1.5.2): 
  - A2DynamicDelegate
- EGOCache (0.1.0)
- Facebook-iOS-SDK (3.2.1)
- JRSwizzle (1.0)
- NoticeView (2.4)
- Reachability (3.1.0)
- ReactiveCocoa (1.4.0): 
  - ReactiveCocoa/Core (= 1.4.0)
  - ReactiveCocoa/RACExtensions (= 1.4.0)
- ReactiveCocoa/Core (1.4.0): 
  - JRSwizzle (~> 1.0)
  - libextobjc/EXTConcreteProtocol (~> 0.2.5)
  - libextobjc/EXTKeyPathCoding (~> 0.2.5)
  - libextobjc/EXTScope (~> 0.2.5)
- ReactiveCocoa/RACExtensions (1.4.0): 
  - ReactiveCocoa/Core
- SVPullToRefresh (0.2)
- TPKeyboardAvoiding (0.0.1)
- libextobjc/EXTConcreteProtocol (0.2.5): 
  - libextobjc/RuntimeExtensions
- libextobjc/EXTKeyPathCoding (0.2.5): 
  - libextobjc/RuntimeExtensions
- libextobjc/EXTScope (0.2.5): 
  - libextobjc/RuntimeExtensions
- libextobjc/RuntimeExtensions (0.2.5)
- libffi (3.0.11)
