
PODS: 
- A2DynamicDelegate (2.0.2): 
  - libffi
- AFNetworking (1.0)
- BlocksKit (1.5.2): 
  - A2DynamicDelegate
- EGOCache (0.1.0)
- Facebook-iOS-SDK (3.1.1)
- JRSwizzle (1.0)
- NoticeView (2.4)
- ReactiveCocoa (1.0.0): 
  - ReactiveCocoa/Core (= 1.0.0)
  - ReactiveCocoa/RACExtensions (= 1.0.0)
- ReactiveCocoa/Core (1.0.0): 
  - JRSwizzle (~> 1.0)
  - libextobjc/EXTConcreteProtocol (~> 0.2.5)
  - libextobjc/EXTKeyPathCoding (~> 0.2.5)
  - libextobjc/EXTScope (~> 0.2.5)
- ReactiveCocoa/RACExtensions (1.0.0): 
  - ReactiveCocoa/Core
- SVPullToRefresh (0.2)
- TPKeyboardAvoiding (0.0.1)
- libextobjc/EXTConcreteProtocol (0.2.5)
- libextobjc/EXTKeyPathCoding (0.2.5)
- libextobjc/EXTScope (0.2.5)
- libffi (3.0.11)

COCOAPODS: 0.16.2

DEPENDENCIES: 
- AFNetworking (= 1.0)
- BlocksKit (= 1.5.2)
- EGOCache (= 0.1.0)
- Facebook-iOS-SDK (= 3.1.1)
- NoticeView (= 2.4)
- ReactiveCocoa (= 1.0.0)
- SVPullToRefresh (from `https://github.com/samvermette/SVPullToRefresh.git', commit `f54d4871dbe3f905eab44f7aae7096aa15455aa4')
- TPKeyboardAvoiding (= 0.0.1)

SPEC CHECKSUMS: 
  TPKeyboardAvoiding: 7289409b17dc2193a3f324672283c542f17c1bb1
  ReactiveCocoa/RACExtensions: bde72a9123e7bd565d06d677d8ad79b18971aec7
  JRSwizzle: 6242ff38485d870fc2636899048ee1ab883ae587
  EGOCache: 073460647a96c40ddd93177c3bcf4c1920b385bc
  BlocksKit: 12fbe889d9f8cc66adf5c9bd4cb0606071f214f2
  AFNetworking: 204f4b3d3a3ea7b38737c3fbf2646ba8c9719eea
  ReactiveCocoa/Core: bde72a9123e7bd565d06d677d8ad79b18971aec7
  A2DynamicDelegate: 013b345f1aca891ded67a95c1512fad677c260a9
  libextobjc/EXTConcreteProtocol: 4a286cdbe966b6685b20a0a1444188a104ed3f40
  ReactiveCocoa: bde72a9123e7bd565d06d677d8ad79b18971aec7
  libextobjc/EXTScope: 4a286cdbe966b6685b20a0a1444188a104ed3f40
  libextobjc/EXTKeyPathCoding: 4a286cdbe966b6685b20a0a1444188a104ed3f40
  Facebook-iOS-SDK: 5fc068ebfd8c8c9b0fad476bc36dbbf1fffeebc8
  libffi: 8a1d9ba43c0c84b546b42c6f742714e73aa07ae1
  SVPullToRefresh: d95803a9816d3919378ede69342c54927fb953ea
  NoticeView: af1d5f1913808731bf4fe9e4e8533a2635e8a627

EXTERNAL SOURCES: 
  SVPullToRefresh: 
    :git: https://github.com/samvermette/SVPullToRefresh.git
    :commit: f54d4871dbe3f905eab44f7aae7096aa15455aa4
